
Microsoft Visual Studio Solution File, Format Version 12.00
# Visual Studio Version 17
VisualStudioVersion = 17.9.34728.123
MinimumVisualStudioVersion = 10.0.40219.1
Project("{9A19103F-16F7-4668-BE54-9A1E7A4F7556}") = "EvaStudentCRUD", "EvaStudentCRUD\EvaStudentCRUD.csproj", "{FC8F064A-46E3-4285-9519-704BB1277452}"
EndProject
Project("{FAE04EC0-301F-11D3-BF4B-00C04F79EFBC}") = "Student.Repository", "Student.Repository\Student.Repository.csproj", "{6530F51D-9565-4CF3-9892-5618E0DCFB4E}"
EndProject
Project("{FAE04EC0-301F-11D3-BF4B-00C04F79EFBC}") = "Student.Business", "Student.Business\Student.Business.csproj", "{EB571E8B-24BA-44C2-941B-E77051211365}"
EndProject
Project("{FAE04EC0-301F-11D3-BF4B-00C04F79EFBC}") = "Student.Entity", "Student.Entity\Student.Entity.csproj", "{82EC60C3-BAD5-4969-BA62-F8C150A9F8DB}"
EndProject
Project("{FAE04EC0-301F-11D3-BF4B-00C04F79EFBC}") = "Student.ViewModels", "Student.ViewModels\Student.ViewModels.csproj", "{37B16AC8-B337-49C0-8334-86D345E6F14D}"
EndProject
Global
	GlobalSection(SolutionConfigurationPlatforms) = preSolution
		Debug|Any CPU = Debug|Any CPU
		Release|Any CPU = Release|Any CPU
	EndGlobalSection
	GlobalSection(ProjectConfigurationPlatforms) = postSolution
		{FC8F064A-46E3-4285-9519-704BB1277452}.Debug|Any CPU.ActiveCfg = Debug|Any CPU
		{FC8F064A-46E3-4285-9519-704BB1277452}.Debug|Any CPU.Build.0 = Debug|Any CPU
		{FC8F064A-46E3-4285-9519-704BB1277452}.Release|Any CPU.ActiveCfg = Release|Any CPU
		{FC8F064A-46E3-4285-9519-704BB1277452}.Release|Any CPU.Build.0 = Release|Any CPU
		{6530F51D-9565-4CF3-9892-5618E0DCFB4E}.Debug|Any CPU.ActiveCfg = Debug|Any CPU
		{6530F51D-9565-4CF3-9892-5618E0DCFB4E}.Debug|Any CPU.Build.0 = Debug|Any CPU
		{6530F51D-9565-4CF3-9892-5618E0DCFB4E}.Release|Any CPU.ActiveCfg = Release|Any CPU
		{6530F51D-9565-4CF3-9892-5618E0DCFB4E}.Release|Any CPU.Build.0 = Release|Any CPU
		{EB571E8B-24BA-44C2-941B-E77051211365}.Debug|Any CPU.ActiveCfg = Debug|Any CPU
		{EB571E8B-24BA-44C2-941B-E77051211365}.Debug|Any CPU.Build.0 = Debug|Any CPU
		{EB571E8B-24BA-44C2-941B-E77051211365}.Release|Any CPU.ActiveCfg = Release|Any CPU
		{EB571E8B-24BA-44C2-941B-E77051211365}.Release|Any CPU.Build.0 = Release|Any CPU
		{82EC60C3-BAD5-4969-BA62-F8C150A9F8DB}.Debug|Any CPU.ActiveCfg = Debug|Any CPU
		{82EC60C3-BAD5-4969-BA62-F8C150A9F8DB}.Debug|Any CPU.Build.0 = Debug|Any CPU
		{82EC60C3-BAD5-4969-BA62-F8C150A9F8DB}.Release|Any CPU.ActiveCfg = Release|Any CPU
		{82EC60C3-BAD5-4969-BA62-F8C150A9F8DB}.Release|Any CPU.Build.0 = Release|Any CPU
		{37B16AC8-B337-49C0-8334-86D345E6F14D}.Debug|Any CPU.ActiveCfg = Debug|Any CPU
		{37B16AC8-B337-49C0-8334-86D345E6F14D}.Debug|Any CPU.Build.0 = Debug|Any CPU
		{37B16AC8-B337-49C0-8334-86D345E6F14D}.Release|Any CPU.ActiveCfg = Release|Any CPU
		{37B16AC8-B337-49C0-8334-86D345E6F14D}.Release|Any CPU.Build.0 = Release|Any CPU
	EndGlobalSection
	GlobalSection(SolutionProperties) = preSolution
		HideSolutionNode = FALSE
	EndGlobalSection
	GlobalSection(ExtensibilityGlobals) = postSolution
		SolutionGuid = {9E9B4C94-B23D-4D4C-9B42-AD5673378511}
	EndGlobalSection
EndGlobal
